
Microsoft Visual Studio Solution File, Format Version 12.00
# Visual Studio Version 17
VisualStudioVersion = 17.12.35527.113
MinimumVisualStudioVersion = 10.0.40219.1
Project("{FAE04EC0-301F-11D3-BF4B-00C04F79EFBC}") = "KubeVizSDK", "KubeVizSDK\KubeVizSDK.csproj", "{5ABD6224-ABC1-42C0-89DC-B686C4B46B74}"
EndProject
Project("{FAE04EC0-301F-11D3-BF4B-00C04F79EFBC}") = "LabConsole", "LabConsole\LabConsole.csproj", "{CD3DB1D1-F4B6-44CC-987B-5D4107AD834A}"
EndProject
Global
	GlobalSection(SolutionConfigurationPlatforms) = preSolution
		Debug|Any CPU = Debug|Any CPU
		Release|Any CPU = Release|Any CPU
	EndGlobalSection
	GlobalSection(ProjectConfigurationPlatforms) = postSolution
		{5ABD6224-ABC1-42C0-89DC-B686C4B46B74}.Debug|Any CPU.ActiveCfg = Debug|Any CPU
		{5ABD6224-ABC1-42C0-89DC-B686C4B46B74}.Debug|Any CPU.Build.0 = Debug|Any CPU
		{5ABD6224-ABC1-42C0-89DC-B686C4B46B74}.Release|Any CPU.ActiveCfg = Release|Any CPU
		{5ABD6224-ABC1-42C0-89DC-B686C4B46B74}.Release|Any CPU.Build.0 = Release|Any CPU
		{CD3DB1D1-F4B6-44CC-987B-5D4107AD834A}.Debug|Any CPU.ActiveCfg = Debug|Any CPU
		{CD3DB1D1-F4B6-44CC-987B-5D4107AD834A}.Debug|Any CPU.Build.0 = Debug|Any CPU
		{CD3DB1D1-F4B6-44CC-987B-5D4107AD834A}.Release|Any CPU.ActiveCfg = Release|Any CPU
		{CD3DB1D1-F4B6-44CC-987B-5D4107AD834A}.Release|Any CPU.Build.0 = Release|Any CPU
	EndGlobalSection
	GlobalSection(SolutionProperties) = preSolution
		HideSolutionNode = FALSE
	EndGlobalSection
EndGlobal
